
Microsoft Visual Studio Solution File, Format Version 12.00
# Visual Studio Version 17
VisualStudioVersion = 17.3.32929.385
MinimumVisualStudioVersion = 10.0.40219.1
Project("{9A19103F-16F7-4668-BE54-9A1E7A4F7556}") = "214247C_ICA1", "214247C_ICA1\214247C_ICA1.csproj", "{FF9F88B7-1DDF-4C4A-8978-108F5B91CD71}"
EndProject
Global
	GlobalSection(SolutionConfigurationPlatforms) = preSolution
		Debug|Any CPU = Debug|Any CPU
		Release|Any CPU = Release|Any CPU
	EndGlobalSection
	GlobalSection(ProjectConfigurationPlatforms) = postSolution
		{FF9F88B7-1DDF-4C4A-8978-108F5B91CD71}.Debug|Any CPU.ActiveCfg = Debug|Any CPU
		{FF9F88B7-1DDF-4C4A-8978-108F5B91CD71}.Debug|Any CPU.Build.0 = Debug|Any CPU
		{FF9F88B7-1DDF-4C4A-8978-108F5B91CD71}.Release|Any CPU.ActiveCfg = Release|Any CPU
		{FF9F88B7-1DDF-4C4A-8978-108F5B91CD71}.Release|Any CPU.Build.0 = Release|Any CPU
	EndGlobalSection
	GlobalSection(SolutionProperties) = preSolution
		HideSolutionNode = FALSE
	EndGlobalSection
	GlobalSection(ExtensibilityGlobals) = postSolution
		SolutionGuid = {0A129D8F-B35D-4B04-8267-7316FE0C2890}
	EndGlobalSection
EndGlobal
